
Microsoft Visual Studio Solution File, Format Version 12.00
# Visual Studio Version 16
VisualStudioVersion = 16.0.31112.23
MinimumVisualStudioVersion = 10.0.40219.1
Project("{9A19103F-16F7-4668-BE54-9A1E7A4F7556}") = "Entities", "Entities\Entities.csproj", "{7590270F-D4D3-48FE-A5CB-50016D3BC03F}"
EndProject
Project("{9A19103F-16F7-4668-BE54-9A1E7A4F7556}") = "Business", "Business\Business.csproj", "{BEF6DB63-4E6C-4841-87BB-647D381C1C9B}"
EndProject
Project("{9A19103F-16F7-4668-BE54-9A1E7A4F7556}") = "DataAccess", "DataAccess\DataAccess.csproj", "{089A385A-C1E6-48E9-9462-2A28689D7BF8}"
EndProject
Project("{9A19103F-16F7-4668-BE54-9A1E7A4F7556}") = "ConsoleUI", "ConsoleUI\ConsoleUI.csproj", "{2EEB0B6D-2099-4B3D-9193-09A82621B117}"
EndProject
Project("{9A19103F-16F7-4668-BE54-9A1E7A4F7556}") = "Core", "Core\Core.csproj", "{E9D856FE-8268-42F1-AA6A-24487B48D594}"
EndProject
Project("{9A19103F-16F7-4668-BE54-9A1E7A4F7556}") = "WebAPI", "WebAPI\WebAPI.csproj", "{45D654BB-FA35-4B71-B86C-19AA186FE460}"
EndProject
Global
	GlobalSection(SolutionConfigurationPlatforms) = preSolution
		Debug|Any CPU = Debug|Any CPU
		Release|Any CPU = Release|Any CPU
	EndGlobalSection
	GlobalSection(ProjectConfigurationPlatforms) = postSolution
		{7590270F-D4D3-48FE-A5CB-50016D3BC03F}.Debug|Any CPU.ActiveCfg = Debug|Any CPU
		{7590270F-D4D3-48FE-A5CB-50016D3BC03F}.Debug|Any CPU.Build.0 = Debug|Any CPU
		{7590270F-D4D3-48FE-A5CB-50016D3BC03F}.Release|Any CPU.ActiveCfg = Release|Any CPU
		{7590270F-D4D3-48FE-A5CB-50016D3BC03F}.Release|Any CPU.Build.0 = Release|Any CPU
		{BEF6DB63-4E6C-4841-87BB-647D381C1C9B}.Debug|Any CPU.ActiveCfg = Debug|Any CPU
		{BEF6DB63-4E6C-4841-87BB-647D381C1C9B}.Debug|Any CPU.Build.0 = Debug|Any CPU
		{BEF6DB63-4E6C-4841-87BB-647D381C1C9B}.Release|Any CPU.ActiveCfg = Release|Any CPU
		{BEF6DB63-4E6C-4841-87BB-647D381C1C9B}.Release|Any CPU.Build.0 = Release|Any CPU
		{089A385A-C1E6-48E9-9462-2A28689D7BF8}.Debug|Any CPU.ActiveCfg = Debug|Any CPU
		{089A385A-C1E6-48E9-9462-2A28689D7BF8}.Debug|Any CPU.Build.0 = Debug|Any CPU
		{089A385A-C1E6-48E9-9462-2A28689D7BF8}.Release|Any CPU.ActiveCfg = Release|Any CPU
		{089A385A-C1E6-48E9-9462-2A28689D7BF8}.Release|Any CPU.Build.0 = Release|Any CPU
		{2EEB0B6D-2099-4B3D-9193-09A82621B117}.Debug|Any CPU.ActiveCfg = Debug|Any CPU
		{2EEB0B6D-2099-4B3D-9193-09A82621B117}.Debug|Any CPU.Build.0 = Debug|Any CPU
		{2EEB0B6D-2099-4B3D-9193-09A82621B117}.Release|Any CPU.ActiveCfg = Release|Any CPU
		{2EEB0B6D-2099-4B3D-9193-09A82621B117}.Release|Any CPU.Build.0 = Release|Any CPU
		{E9D856FE-8268-42F1-AA6A-24487B48D594}.Debug|Any CPU.ActiveCfg = Debug|Any CPU
		{E9D856FE-8268-42F1-AA6A-24487B48D594}.Debug|Any CPU.Build.0 = Debug|Any CPU
		{E9D856FE-8268-42F1-AA6A-24487B48D594}.Release|Any CPU.ActiveCfg = Release|Any CPU
		{E9D856FE-8268-42F1-AA6A-24487B48D594}.Release|Any CPU.Build.0 = Release|Any CPU
		{45D654BB-FA35-4B71-B86C-19AA186FE460}.Debug|Any CPU.ActiveCfg = Debug|Any CPU
		{45D654BB-FA35-4B71-B86C-19AA186FE460}.Debug|Any CPU.Build.0 = Debug|Any CPU
		{45D654BB-FA35-4B71-B86C-19AA186FE460}.Release|Any CPU.ActiveCfg = Release|Any CPU
		{45D654BB-FA35-4B71-B86C-19AA186FE460}.Release|Any CPU.Build.0 = Release|Any CPU
	EndGlobalSection
	GlobalSection(SolutionProperties) = preSolution
		HideSolutionNode = FALSE
	EndGlobalSection
	GlobalSection(ExtensibilityGlobals) = postSolution
		SolutionGuid = {A739B21B-9430-432F-BBEB-B26AC055D4A4}
	EndGlobalSection
EndGlobal
